// !$*UTF8*$!
{
	archiveVersion = 1;
	classes = {
	};
	objectVersion = 77;
	objects = {

/* Begin PBXBuildFile section */
		031DFB24DCA72A98A492CB45 /* libswscale.xcframework in Frameworks */ = {isa = PBXBuildFile; fileRef = 43296FB32F3A0C08000B3AFE /* libswscale.xcframework */; };
		1B3A45515D60DA2487B59C66 /* fixture_4k.mp4 in Resources */ = {isa = PBXBuildFile; fileRef = E5FC7FF390C4D1659F6B3703 /* fixture_4k.mp4 */; };
		3C162F9B622E66316002D712 /* libavcodec.xcframework in Frameworks */ = {isa = PBXBuildFile; fileRef = 43296FB12F3A0C08000B3AFE /* libavcodec.xcframework */; };
		43296FB62F3A0C08000B3AFE /* libavformat.xcframework in Frameworks */ = {isa = PBXBuildFile; fileRef = 43296FAE2F3A0C08000B3AFE /* libavformat.xcframework */; };
		43296FB72F3A0C08000B3AFE /* libavformat.xcframework in Embed Frameworks */ = {isa = PBXBuildFile; fileRef = 43296FAE2F3A0C08000B3AFE /* libavformat.xcframework */; settings = {ATTRIBUTES = (CodeSignOnCopy, RemoveHeadersOnCopy, ); }; };
		43296FB82F3A0C08000B3AFE /* libavutil.xcframework in Frameworks */ = {isa = PBXBuildFile; fileRef = 43296FAF2F3A0C08000B3AFE /* libavutil.xcframework */; };
		43296FB92F3A0C08000B3AFE /* libavutil.xcframework in Embed Frameworks */ = {isa = PBXBuildFile; fileRef = 43296FAF2F3A0C08000B3AFE /* libavutil.xcframework */; settings = {ATTRIBUTES = (CodeSignOnCopy, RemoveHeadersOnCopy, ); }; };
		43296FBA2F3A0C08000B3AFE /* libavfilter.xcframework in Frameworks */ = {isa = PBXBuildFile; fileRef = 43296FB02F3A0C08000B3AFE /* libavfilter.xcframework */; };
		43296FBB2F3A0C08000B3AFE /* libavfilter.xcframework in Embed Frameworks */ = {isa = PBXBuildFile; fileRef = 43296FB02F3A0C08000B3AFE /* libavfilter.xcframework */; settings = {ATTRIBUTES = (CodeSignOnCopy, RemoveHeadersOnCopy, ); }; };
		43296FBC2F3A0C08000B3AFE /* libavcodec.xcframework in Frameworks */ = {isa = PBXBuildFile; fileRef = 43296FB12F3A0C08000B3AFE /* libavcodec.xcframework */; };
		43296FBD2F3A0C08000B3AFE /* libavcodec.xcframework in Embed Frameworks */ = {isa = PBXBuildFile; fileRef = 43296FB12F3A0C08000B3AFE /* libavcodec.xcframework */; settings = {ATTRIBUTES = (CodeSignOnCopy, RemoveHeadersOnCopy, ); }; };
		43296FBE2F3A0C08000B3AFE /* ffmpegkit.xcframework in Frameworks */ = {isa = PBXBuildFile; fileRef = 43296FB22F3A0C08000B3AFE /* ffmpegkit.xcframework */; };
		43296FBF2F3A0C08000B3AFE /* ffmpegkit.xcframework in Embed Frameworks */ = {isa = PBXBuildFile; fileRef = 43296FB22F3A0C08000B3AFE /* ffmpegkit.xcframework */; settings = {ATTRIBUTES = (CodeSignOnCopy, RemoveHeadersOnCopy, ); }; };
		43296FC02F3A0C08000B3AFE /* libswscale.xcframework in Frameworks */ = {isa = PBXBuildFile; fileRef = 43296FB32F3A0C08000B3AFE /* libswscale.xcframework */; };
		43296FC12F3A0C08000B3AFE /* libswscale.xcframework in Embed Frameworks */ = {isa = PBXBuildFile; fileRef = 43296FB32F3A0C08000B3AFE /* libswscale.xcframework */; settings = {ATTRIBUTES = (CodeSignOnCopy, RemoveHeadersOnCopy, ); }; };
		43296FC22F3A0C08000B3AFE /* libavdevice.xcframework in Frameworks */ = {isa = PBXBuildFile; fileRef = 43296FB42F3A0C08000B3AFE /* libavdevice.xcframework */; };
		43296FC32F3A0C08000B3AFE /* libavdevice.xcframework in Embed Frameworks */ = {isa = PBXBuildFile; fileRef = 43296FB42F3A0C08000B3AFE /* libavdevice.xcframework */; settings = {ATTRIBUTES = (CodeSignOnCopy, RemoveHeadersOnCopy, ); }; };
		43296FC42F3A0C08000B3AFE /* libswresample.xcframework in Frameworks */ = {isa = PBXBuildFile; fileRef = 43296FB52F3A0C08000B3AFE /* libswresample.xcframework */; };
		43296FC52F3A0C08000B3AFE /* libswresample.xcframework in Embed Frameworks */ = {isa = PBXBuildFile; fileRef = 43296FB52F3A0C08000B3AFE /* libswresample.xcframework */; settings = {ATTRIBUTES = (CodeSignOnCopy, RemoveHeadersOnCopy, ); }; };
		4332A0A72F3B761C00F895B5 /* FirebaseCore in Frameworks */ = {isa = PBXBuildFile; productRef = 4332A0A62F3B761C00F895B5 /* FirebaseCore */; };
		4332A0A92F3B761C00F895B5 /* FirebaseMessaging in Frameworks */ = {isa = PBXBuildFile; productRef = 4332A0A82F3B761C00F895B5 /* FirebaseMessaging */; };
		4332A0AB2F3B761C00F895B5 /* FirebaseCrashlytics in Frameworks */ = {isa = PBXBuildFile; productRef = 4332A0AA2F3B761C00F895B5 /* FirebaseCrashlytics */; };
		43AB755A2F87A7C4001EF1D3 /* NotificationServiceExtension.appex in Embed Foundation Extensions */ = {isa = PBXBuildFile; fileRef = 43AB75532F87A7C4001EF1D3 /* NotificationServiceExtension.appex */; settings = {ATTRIBUTES = (RemoveHeadersOnCopy, ); }; };
		43CFC1DB2F741EF200628241 /* ShareExtension.appex in Embed Foundation Extensions */ = {isa = PBXBuildFile; fileRef = 43CFC1D12F741EF200628241 /* ShareExtension.appex */; settings = {ATTRIBUTES = (RemoveHeadersOnCopy, ); }; };
		4E4A967FBA42C04995C22CBD /* libavfilter.xcframework in Frameworks */ = {isa = PBXBuildFile; fileRef = 43296FB02F3A0C08000B3AFE /* libavfilter.xcframework */; };
		652E7AF170C7390486F103C5 /* libswresample.xcframework in Frameworks */ = {isa = PBXBuildFile; fileRef = 43296FB52F3A0C08000B3AFE /* libswresample.xcframework */; };
		65635D11761C169B983EE93C /* fixture_iphone_hevc.mov in Resources */ = {isa = PBXBuildFile; fileRef = FEF077E370C6B2D53548A0E0 /* fixture_iphone_hevc.mov */; };
		F1207A510000000000005B01 /* fixture_iphone_spatial.mov in Resources */ = {isa = PBXBuildFile; fileRef = F1207A510000000000005A01 /* fixture_iphone_spatial.mov */; };
		87C7CC6CA91EC1751EDC339C /* libavutil.xcframework in Frameworks */ = {isa = PBXBuildFile; fileRef = 43296FAF2F3A0C08000B3AFE /* libavutil.xcframework */; };
		8E44FD0C2144036BC6B53634 /* libavdevice.xcframework in Frameworks */ = {isa = PBXBuildFile; fileRef = 43296FB42F3A0C08000B3AFE /* libavdevice.xcframework */; };
		A1B89255D2411EA1E606A9FA /* Foundation.framework in Frameworks */ = {isa = PBXBuildFile; fileRef = 83540B919899D142F6699230 /* Foundation.framework */; };
		CF04EFF288B21720D5F2C2A5 /* fixture_1080p.mp4 in Resources */ = {isa = PBXBuildFile; fileRef = 03A0D16625BBBB6D9B0E2DFC /* fixture_1080p.mp4 */; };
		DC82714879B26AB0D9534606 /* FFmpegPipelineTests.swift in Sources */ = {isa = PBXBuildFile; fileRef = 1E585E03C7BEE52F79C7D8BE /* FFmpegPipelineTests.swift */; };
		DF79A08C91D0173E80D2106A /* fixture_720p.mp4 in Resources */ = {isa = PBXBuildFile; fileRef = F72A108F8868D83B449653CC /* fixture_720p.mp4 */; };
		E37B55745513C31F5CF240ED /* ffmpegkit.xcframework in Frameworks */ = {isa = PBXBuildFile; fileRef = 43296FB22F3A0C08000B3AFE /* ffmpegkit.xcframework */; };
		FA96B35DB50A41A5E8A351EF /* libavformat.xcframework in Frameworks */ = {isa = PBXBuildFile; fileRef = 43296FAE2F3A0C08000B3AFE /* libavformat.xcframework */; };
/* End PBXBuildFile section */

/* Begin PBXContainerItemProxy section */
		275F89A7B6D9FDCDEE7EEFEF /* PBXContainerItemProxy */ = {
			isa = PBXContainerItemProxy;
			containerPortal = 4E281890246EA5507039EAC8 /* Project object */;
			proxyType = 1;
			remoteGlobalIDString = 1B3C06D1520D2521F661776E;
			remoteInfo = iosApp;
		};
		43AB75582F87A7C4001EF1D3 /* PBXContainerItemProxy */ = {
			isa = PBXContainerItemProxy;
			containerPortal = 4E281890246EA5507039EAC8 /* Project object */;
			proxyType = 1;
			remoteGlobalIDString = 43AB75522F87A7C4001EF1D3;
			remoteInfo = NotificationServiceExtension;
		};
		43CFC1D92F741EF200628241 /* PBXContainerItemProxy */ = {
			isa = PBXContainerItemProxy;
			containerPortal = 4E281890246EA5507039EAC8 /* Project object */;
			proxyType = 1;
			remoteGlobalIDString = 43CFC1D02F741EF200628241;
			remoteInfo = ShareExtension;
		};
/* End PBXContainerItemProxy section */

/* Begin PBXCopyFilesBuildPhase section */
		43296FC62F3A0C08000B3AFE /* Embed Frameworks */ = {
			isa = PBXCopyFilesBuildPhase;
			buildActionMask = 2147483647;
			dstPath = "";
			dstSubfolderSpec = 10;
			files = (
				43296FC32F3A0C08000B3AFE /* libavdevice.xcframework in Embed Frameworks */,
				43296FBB2F3A0C08000B3AFE /* libavfilter.xcframework in Embed Frameworks */,
				43296FC52F3A0C08000B3AFE /* libswresample.xcframework in Embed Frameworks */,
				43296FBF2F3A0C08000B3AFE /* ffmpegkit.xcframework in Embed Frameworks */,
				43296FBD2F3A0C08000B3AFE /* libavcodec.xcframework in Embed Frameworks */,
				43296FB92F3A0C08000B3AFE /* libavutil.xcframework in Embed Frameworks */,
				43296FC12F3A0C08000B3AFE /* libswscale.xcframework in Embed Frameworks */,
				43296FB72F3A0C08000B3AFE /* libavformat.xcframework in Embed Frameworks */,
			);
			name = "Embed Frameworks";
			runOnlyForDeploymentPostprocessing = 0;
		};
		43CFC1DC2F741EF200628241 /* Embed Foundation Extensions */ = {
			isa = PBXCopyFilesBuildPhase;
			buildActionMask = 2147483647;
			dstPath = "";
			dstSubfolderSpec = 13;
			files = (
				43CFC1DB2F741EF200628241 /* ShareExtension.appex in Embed Foundation Extensions */,
				43AB755A2F87A7C4001EF1D3 /* NotificationServiceExtension.appex in Embed Foundation Extensions */,
			);
			name = "Embed Foundation Extensions";
			runOnlyForDeploymentPostprocessing = 0;
		};
/* End PBXCopyFilesBuildPhase section */

/* Begin PBXFileReference section */
		03A0D16625BBBB6D9B0E2DFC /* fixture_1080p.mp4 */ = {isa = PBXFileReference; includeInIndex = 1; path = fixture_1080p.mp4; sourceTree = "<group>"; };
		1E585E03C7BEE52F79C7D8BE /* FFmpegPipelineTests.swift */ = {isa = PBXFileReference; includeInIndex = 1; lastKnownFileType = sourcecode.swift; path = FFmpegPipelineTests.swift; sourceTree = "<group>"; };
		43296FAE2F3A0C08000B3AFE /* libavformat.xcframework */ = {isa = PBXFileReference; lastKnownFileType = wrapper.xcframework; name = libavformat.xcframework; path = "../homebase-api/libs/ffmpegkit-bundled.xcframework/libavformat.xcframework"; sourceTree = "<group>"; };
		43296FAF2F3A0C08000B3AFE /* libavutil.xcframework */ = {isa = PBXFileReference; lastKnownFileType = wrapper.xcframework; name = libavutil.xcframework; path = "../homebase-api/libs/ffmpegkit-bundled.xcframework/libavutil.xcframework"; sourceTree = "<group>"; };
		43296FB02F3A0C08000B3AFE /* libavfilter.xcframework */ = {isa = PBXFileReference; lastKnownFileType = wrapper.xcframework; name = libavfilter.xcframework; path = "../homebase-api/libs/ffmpegkit-bundled.xcframework/libavfilter.xcframework"; sourceTree = "<group>"; };
		43296FB12F3A0C08000B3AFE /* libavcodec.xcframework */ = {isa = PBXFileReference; lastKnownFileType = wrapper.xcframework; name = libavcodec.xcframework; path = "../homebase-api/libs/ffmpegkit-bundled.xcframework/libavcodec.xcframework"; sourceTree = "<group>"; };
		43296FB22F3A0C08000B3AFE /* ffmpegkit.xcframework */ = {isa = PBXFileReference; lastKnownFileType = wrapper.xcframework; name = ffmpegkit.xcframework; path = "../homebase-api/libs/ffmpegkit-bundled.xcframework/ffmpegkit.xcframework"; sourceTree = "<group>"; };
		43296FB32F3A0C08000B3AFE /* libswscale.xcframework */ = {isa = PBXFileReference; lastKnownFileType = wrapper.xcframework; name = libswscale.xcframework; path = "../homebase-api/libs/ffmpegkit-bundled.xcframework/libswscale.xcframework"; sourceTree = "<group>"; };
		43296FB42F3A0C08000B3AFE /* libavdevice.xcframework */ = {isa = PBXFileReference; lastKnownFileType = wrapper.xcframework; name = libavdevice.xcframework; path = "../homebase-api/libs/ffmpegkit-bundled.xcframework/libavdevice.xcframework"; sourceTree = "<group>"; };
		43296FB52F3A0C08000B3AFE /* libswresample.xcframework */ = {isa = PBXFileReference; lastKnownFileType = wrapper.xcframework; name = libswresample.xcframework; path = "../homebase-api/libs/ffmpegkit-bundled.xcframework/libswresample.xcframework"; sourceTree = "<group>"; };
		4332A0A32F3B73DF00F895B5 /* GoogleService-Info.plist */ = {isa = PBXFileReference; lastKnownFileType = text.plist.xml; path = "GoogleService-Info.plist"; sourceTree = "<group>"; };
		43958A6D2FB46E1C00D226CE /* Info.plist */ = {isa = PBXFileReference; lastKnownFileType = text.plist.xml; path = Info.plist; sourceTree = "<group>"; };
		43958A6E2FB46E1C00D226CE /* NotificationService.swift */ = {isa = PBXFileReference; lastKnownFileType = sourcecode.swift; path = NotificationService.swift; sourceTree = "<group>"; };
		43958A6F2FB46E1C00D226CE /* NotificationServiceExtension.entitlements */ = {isa = PBXFileReference; lastKnownFileType = text.plist.entitlements; path = NotificationServiceExtension.entitlements; sourceTree = "<group>"; };
		43958A702FB46E1C00D226CE /* NotificationServiceExtensionDebug.entitlements */ = {isa = PBXFileReference; lastKnownFileType = text.plist.entitlements; path = NotificationServiceExtensionDebug.entitlements; sourceTree = "<group>"; };
		43AB75532F87A7C4001EF1D3 /* NotificationServiceExtension.appex */ = {isa = PBXFileReference; explicitFileType = "wrapper.app-extension"; includeInIndex = 0; path = NotificationServiceExtension.appex; sourceTree = BUILT_PRODUCTS_DIR; };
		43CFC1D12F741EF200628241 /* ShareExtension.appex */ = {isa = PBXFileReference; explicitFileType = "wrapper.app-extension"; includeInIndex = 0; path = ShareExtension.appex; sourceTree = BUILT_PRODUCTS_DIR; };
		83540B919899D142F6699230 /* Foundation.framework */ = {isa = PBXFileReference; lastKnownFileType = wrapper.framework; name = Foundation.framework; path = Platforms/iPhoneOS.platform/Developer/SDKs/iPhoneOS18.0.sdk/System/Library/Frameworks/Foundation.framework; sourceTree = DEVELOPER_DIR; };
		A119F0A8E11D557B2E98503F /* iosAppTests.xctest */ = {isa = PBXFileReference; explicitFileType = wrapper.cfbundle; includeInIndex = 0; path = iosAppTests.xctest; sourceTree = BUILT_PRODUCTS_DIR; };
		E036487443061F6060AA1439 /* Homebase.app */ = {isa = PBXFileReference; explicitFileType = wrapper.application; includeInIndex = 0; path = Homebase.app; sourceTree = BUILT_PRODUCTS_DIR; };
		E5FC7FF390C4D1659F6B3703 /* fixture_4k.mp4 */ = {isa = PBXFileReference; includeInIndex = 1; path = fixture_4k.mp4; sourceTree = "<group>"; };
		F72A108F8868D83B449653CC /* fixture_720p.mp4 */ = {isa = PBXFileReference; includeInIndex = 1; path = fixture_720p.mp4; sourceTree = "<group>"; };
		FEF077E370C6B2D53548A0E0 /* fixture_iphone_hevc.mov */ = {isa = PBXFileReference; includeInIndex = 1; lastKnownFileType = video.quicktime; path = fixture_iphone_hevc.mov; sourceTree = "<group>"; };
		F1207A510000000000005A01 /* fixture_iphone_spatial.mov */ = {isa = PBXFileReference; includeInIndex = 1; lastKnownFileType = video.quicktime; path = fixture_iphone_spatial.mov; sourceTree = "<group>"; };
/* End PBXFileReference section */

/* Begin PBXFileSystemSynchronizedBuildFileExceptionSet section */
		2D6603577744C1DE3AF9E242 /* Exceptions for "iosApp" folder in "iosApp" target */ = {
			isa = PBXFileSystemSynchronizedBuildFileExceptionSet;
			membershipExceptions = (
				Info.plist,
			);
			target = 1B3C06D1520D2521F661776E /* iosApp */;
		};
		43AB755F2F87A7C4001EF1D3 /* Exceptions for "NotificationServiceExtension" folder in "NotificationServiceExtension" target */ = {
			isa = PBXFileSystemSynchronizedBuildFileExceptionSet;
			membershipExceptions = (
				Info.plist,
			);
			target = 43AB75522F87A7C4001EF1D3 /* NotificationServiceExtension */;
		};
		43CFC1E02F741EF300628241 /* Exceptions for "ShareExtension" folder in "ShareExtension" target */ = {
			isa = PBXFileSystemSynchronizedBuildFileExceptionSet;
			membershipExceptions = (
				Info.plist,
			);
			target = 43CFC1D02F741EF200628241 /* ShareExtension */;
		};
/* End PBXFileSystemSynchronizedBuildFileExceptionSet section */

/* Begin PBXFileSystemSynchronizedRootGroup section */
		43AB75542F87A7C4001EF1D3 /* NotificationServiceExtension */ = {
			isa = PBXFileSystemSynchronizedRootGroup;
			exceptions = (
				43AB755F2F87A7C4001EF1D3 /* Exceptions for "NotificationServiceExtension" folder in "NotificationServiceExtension" target */,
			);
			path = NotificationServiceExtension;
			sourceTree = "<group>";
		};
		43CFC1D22F741EF200628241 /* ShareExtension */ = {
			isa = PBXFileSystemSynchronizedRootGroup;
			exceptions = (
				43CFC1E02F741EF300628241 /* Exceptions for "ShareExtension" folder in "ShareExtension" target */,
			);
			path = ShareExtension;
			sourceTree = "<group>";
		};
		77B4216A23B10141C86A920D /* Configuration */ = {
			isa = PBXFileSystemSynchronizedRootGroup;
			exceptions = (
			);
			path = Configuration;
			sourceTree = "<group>";
		};
		7BF4AA8D213A61C40E7100C2 /* iosApp */ = {
			isa = PBXFileSystemSynchronizedRootGroup;
			exceptions = (
				2D6603577744C1DE3AF9E242 /* Exceptions for "iosApp" folder in "iosApp" target */,
			);
			path = iosApp;
			sourceTree = "<group>";
		};
/* End PBXFileSystemSynchronizedRootGroup section */

/* Begin PBXFrameworksBuildPhase section */
		02877DE0DC1A4F6341F732D9 /* Frameworks */ = {
			isa = PBXFrameworksBuildPhase;
			buildActionMask = 2147483647;
			files = (
				A1B89255D2411EA1E606A9FA /* Foundation.framework in Frameworks */,
				E37B55745513C31F5CF240ED /* ffmpegkit.xcframework in Frameworks */,
				3C162F9B622E66316002D712 /* libavcodec.xcframework in Frameworks */,
				8E44FD0C2144036BC6B53634 /* libavdevice.xcframework in Frameworks */,
				4E4A967FBA42C04995C22CBD /* libavfilter.xcframework in Frameworks */,
				FA96B35DB50A41A5E8A351EF /* libavformat.xcframework in Frameworks */,
				87C7CC6CA91EC1751EDC339C /* libavutil.xcframework in Frameworks */,
				652E7AF170C7390486F103C5 /* libswresample.xcframework in Frameworks */,
				031DFB24DCA72A98A492CB45 /* libswscale.xcframework in Frameworks */,
			);
			runOnlyForDeploymentPostprocessing = 0;
		};
		43AB75502F87A7C4001EF1D3 /* Frameworks */ = {
			isa = PBXFrameworksBuildPhase;
			buildActionMask = 2147483647;
			files = (
			);
			runOnlyForDeploymentPostprocessing = 0;
		};
		43CFC1CE2F741EF200628241 /* Frameworks */ = {
			isa = PBXFrameworksBuildPhase;
			buildActionMask = 2147483647;
			files = (
			);
			runOnlyForDeploymentPostprocessing = 0;
		};
		5FA3011530A4400784B793C9 /* Frameworks */ = {
			isa = PBXFrameworksBuildPhase;
			buildActionMask = 2147483647;
			files = (
				43296FC22F3A0C08000B3AFE /* libavdevice.xcframework in Frameworks */,
				43296FBA2F3A0C08000B3AFE /* libavfilter.xcframework in Frameworks */,
				4332A0A92F3B761C00F895B5 /* FirebaseMessaging in Frameworks */,
				43296FC42F3A0C08000B3AFE /* libswresample.xcframework in Frameworks */,
				43296FBE2F3A0C08000B3AFE /* ffmpegkit.xcframework in Frameworks */,
				43296FBC2F3A0C08000B3AFE /* libavcodec.xcframework in Frameworks */,
				43296FB82F3A0C08000B3AFE /* libavutil.xcframework in Frameworks */,
				43296FC02F3A0C08000B3AFE /* libswscale.xcframework in Frameworks */,
				4332A0A72F3B761C00F895B5 /* FirebaseCore in Frameworks */,
				4332A0AB2F3B761C00F895B5 /* FirebaseCrashlytics in Frameworks */,
				43296FB62F3A0C08000B3AFE /* libavformat.xcframework in Frameworks */,
			);
			runOnlyForDeploymentPostprocessing = 0;
		};
/* End PBXFrameworksBuildPhase section */

/* Begin PBXGroup section */
		0FA39D98867DA0943346125E /* Products */ = {
			isa = PBXGroup;
			children = (
				E036487443061F6060AA1439 /* Homebase.app */,
				43CFC1D12F741EF200628241 /* ShareExtension.appex */,
				43AB75532F87A7C4001EF1D3 /* NotificationServiceExtension.appex */,
				A119F0A8E11D557B2E98503F /* iosAppTests.xctest */,
			);
			name = Products;
			sourceTree = "<group>";
		};
		43296FAD2F3A0C08000B3AFE /* Frameworks */ = {
			isa = PBXGroup;
			children = (
				43958A712FB46E1C00D226CE /* NotificationServiceExtension */,
				43296FB22F3A0C08000B3AFE /* ffmpegkit.xcframework */,
				43296FB12F3A0C08000B3AFE /* libavcodec.xcframework */,
				43296FB42F3A0C08000B3AFE /* libavdevice.xcframework */,
				43296FB02F3A0C08000B3AFE /* libavfilter.xcframework */,
				43296FAE2F3A0C08000B3AFE /* libavformat.xcframework */,
				43296FAF2F3A0C08000B3AFE /* libavutil.xcframework */,
				43296FB52F3A0C08000B3AFE /* libswresample.xcframework */,
				43296FB32F3A0C08000B3AFE /* libswscale.xcframework */,
				B2ACBBE9062A074C9CE55CEA /* iOS */,
			);
			name = Frameworks;
			sourceTree = "<group>";
		};
		43958A712FB46E1C00D226CE /* NotificationServiceExtension */ = {
			isa = PBXGroup;
			children = (
				43958A6D2FB46E1C00D226CE /* Info.plist */,
				43958A6E2FB46E1C00D226CE /* NotificationService.swift */,
				43958A6F2FB46E1C00D226CE /* NotificationServiceExtension.entitlements */,
				43958A702FB46E1C00D226CE /* NotificationServiceExtensionDebug.entitlements */,
			);
			path = NotificationServiceExtension;
			sourceTree = "<group>";
		};
		B2ACBBE9062A074C9CE55CEA /* iOS */ = {
			isa = PBXGroup;
			children = (
				83540B919899D142F6699230 /* Foundation.framework */,
			);
			name = iOS;
			sourceTree = "<group>";
		};
		C518C3BA997C48BC7763149C = {
			isa = PBXGroup;
			children = (
				77B4216A23B10141C86A920D /* Configuration */,
				7BF4AA8D213A61C40E7100C2 /* iosApp */,
				43CFC1D22F741EF200628241 /* ShareExtension */,
				43AB75542F87A7C4001EF1D3 /* NotificationServiceExtension */,
				43296FAD2F3A0C08000B3AFE /* Frameworks */,
				0FA39D98867DA0943346125E /* Products */,
				4332A0A32F3B73DF00F895B5 /* GoogleService-Info.plist */,
				E4394BA0696F07118E612228 /* iosAppTests */,
			);
			sourceTree = "<group>";
		};
		E4394BA0696F07118E612228 /* iosAppTests */ = {
			isa = PBXGroup;
			children = (
				1E585E03C7BEE52F79C7D8BE /* FFmpegPipelineTests.swift */,
				E5FC7FF390C4D1659F6B3703 /* fixture_4k.mp4 */,
				03A0D16625BBBB6D9B0E2DFC /* fixture_1080p.mp4 */,
				F72A108F8868D83B449653CC /* fixture_720p.mp4 */,
				FEF077E370C6B2D53548A0E0 /* fixture_iphone_hevc.mov */,
				F1207A510000000000005A01 /* fixture_iphone_spatial.mov */,
			);
			name = iosAppTests;
			path = iosAppTests;
			sourceTree = "<group>";
		};
/* End PBXGroup section */

/* Begin PBXNativeTarget section */
		1B3C06D1520D2521F661776E /* iosApp */ = {
			isa = PBXNativeTarget;
			buildConfigurationList = 6823773BE8887FEA23A8195E /* Build configuration list for PBXNativeTarget "iosApp" */;
			buildPhases = (
				7E556E29642577F6B7F8336E /* Compile Kotlin Framework */,
				75264D1454C037FFA6F9EC79 /* Sources */,
				5FA3011530A4400784B793C9 /* Frameworks */,
				F55073FBDD5EC068F2F08801 /* Resources */,
				F08EA0E32F7AA81F00B61D93 /* Copy GoogleServices-Info.plist */,
				43296FC62F3A0C08000B3AFE /* Embed Frameworks */,
				43CFC1DC2F741EF200628241 /* Embed Foundation Extensions */,
				F08E00712F8CEA1F006FE86B /* Upload Crashlytics DSYM files */,
			);
			buildRules = (
			);
			dependencies = (
				43CFC1DA2F741EF200628241 /* PBXTargetDependency */,
				43AB75592F87A7C4001EF1D3 /* PBXTargetDependency */,
			);
			fileSystemSynchronizedGroups = (
				7BF4AA8D213A61C40E7100C2 /* iosApp */,
			);
			name = iosApp;
			packageProductDependencies = (
				4332A0A62F3B761C00F895B5 /* FirebaseCore */,
				4332A0A82F3B761C00F895B5 /* FirebaseMessaging */,
				4332A0AA2F3B761C00F895B5 /* FirebaseCrashlytics */,
			);
			productName = iosApp;
			productReference = E036487443061F6060AA1439 /* Homebase.app */;
			productType = "com.apple.product-type.application";
		};
		41E11AF31C5CD3349CCE4D84 /* iosAppTests */ = {
			isa = PBXNativeTarget;
			buildConfigurationList = 56F739763075564E6C385392 /* Build configuration list for PBXNativeTarget "iosAppTests" */;
			buildPhases = (
				026F4088AB8C789A324660C7 /* Sources */,
				02877DE0DC1A4F6341F732D9 /* Frameworks */,
				53FA484EABB33CA9E269E17D /* Resources */,
			);
			buildRules = (
			);
			dependencies = (
				DAE7C6C248D295C574FFC09F /* PBXTargetDependency */,
			);
			name = iosAppTests;
			productName = iosAppTests;
			productReference = A119F0A8E11D557B2E98503F /* iosAppTests.xctest */;
			productType = "com.apple.product-type.bundle.unit-test";
		};
		43AB75522F87A7C4001EF1D3 /* NotificationServiceExtension */ = {
			isa = PBXNativeTarget;
			buildConfigurationList = 43AB755E2F87A7C4001EF1D3 /* Build configuration list for PBXNativeTarget "NotificationServiceExtension" */;
			buildPhases = (
				43AB754F2F87A7C4001EF1D3 /* Sources */,
				43AB75502F87A7C4001EF1D3 /* Frameworks */,
				43AB75512F87A7C4001EF1D3 /* Resources */,
			);
			buildRules = (
			);
			dependencies = (
			);
			fileSystemSynchronizedGroups = (
				43AB75542F87A7C4001EF1D3 /* NotificationServiceExtension */,
			);
			name = NotificationServiceExtension;
			productName = NotificationServiceExtension;
			productReference = 43AB75532F87A7C4001EF1D3 /* NotificationServiceExtension.appex */;
			productType = "com.apple.product-type.app-extension";
		};
		43CFC1D02F741EF200628241 /* ShareExtension */ = {
			isa = PBXNativeTarget;
			buildConfigurationList = 43CFC1DF2F741EF200628241 /* Build configuration list for PBXNativeTarget "ShareExtension" */;
			buildPhases = (
				43CFC1CD2F741EF200628241 /* Sources */,
				43CFC1CE2F741EF200628241 /* Frameworks */,
				43CFC1CF2F741EF200628241 /* Resources */,
			);
			buildRules = (
			);
			dependencies = (
			);
			fileSystemSynchronizedGroups = (
				43CFC1D22F741EF200628241 /* ShareExtension */,
			);
			name = ShareExtension;
			productName = ShareExtension;
			productReference = 43CFC1D12F741EF200628241 /* ShareExtension.appex */;
			productType = "com.apple.product-type.app-extension";
		};
/* End PBXNativeTarget section */

/* Begin PBXProject section */
		4E281890246EA5507039EAC8 /* Project object */ = {
			isa = PBXProject;
			attributes = {
				BuildIndependentTargetsInParallel = 1;
				LastSwiftUpdateCheck = 2640;
				LastUpgradeCheck = 2620;
				TargetAttributes = {
					1B3C06D1520D2521F661776E = {
						CreatedOnToolsVersion = 16.2;
					};
					43AB75522F87A7C4001EF1D3 = {
						CreatedOnToolsVersion = 26.4;
					};
					43CFC1D02F741EF200628241 = {
						CreatedOnToolsVersion = 26.3;
					};
				};
			};
			buildConfigurationList = FF0636BBA8CDD4A27F575AFA /* Build configuration list for PBXProject "iosApp" */;
			developmentRegion = en;
			hasScannedForEncodings = 0;
			knownRegions = (
				en,
				Base,
			);
			mainGroup = C518C3BA997C48BC7763149C;
			minimizedProjectReferenceProxies = 1;
			packageReferences = (
				4332A0A52F3B761C00F895B5 /* XCRemoteSwiftPackageReference "firebase-ios-sdk" */,
			);
			preferredProjectObjectVersion = 77;
			productRefGroup = 0FA39D98867DA0943346125E /* Products */;
			projectDirPath = "";
			projectRoot = "";
			targets = (
				1B3C06D1520D2521F661776E /* iosApp */,
				43CFC1D02F741EF200628241 /* ShareExtension */,
				43AB75522F87A7C4001EF1D3 /* NotificationServiceExtension */,
				41E11AF31C5CD3349CCE4D84 /* iosAppTests */,
			);
		};
/* End PBXProject section */

/* Begin PBXResourcesBuildPhase section */
		43AB75512F87A7C4001EF1D3 /* Resources */ = {
			isa = PBXResourcesBuildPhase;
			buildActionMask = 2147483647;
			files = (
			);
			runOnlyForDeploymentPostprocessing = 0;
		};
		43CFC1CF2F741EF200628241 /* Resources */ = {
			isa = PBXResourcesBuildPhase;
			buildActionMask = 2147483647;
			files = (
			);
			runOnlyForDeploymentPostprocessing = 0;
		};
		53FA484EABB33CA9E269E17D /* Resources */ = {
			isa = PBXResourcesBuildPhase;
			buildActionMask = 2147483647;
			files = (
				1B3A45515D60DA2487B59C66 /* fixture_4k.mp4 in Resources */,
				CF04EFF288B21720D5F2C2A5 /* fixture_1080p.mp4 in Resources */,
				DF79A08C91D0173E80D2106A /* fixture_720p.mp4 in Resources */,
				65635D11761C169B983EE93C /* fixture_iphone_hevc.mov in Resources */,
				F1207A510000000000005B01 /* fixture_iphone_spatial.mov in Resources */,
			);
			runOnlyForDeploymentPostprocessing = 0;
		};
		F55073FBDD5EC068F2F08801 /* Resources */ = {
			isa = PBXResourcesBuildPhase;
			buildActionMask = 2147483647;
			files = (
			);
			runOnlyForDeploymentPostprocessing = 0;
		};
/* End PBXResourcesBuildPhase section */

/* Begin PBXShellScriptBuildPhase section */
		7E556E29642577F6B7F8336E /* Compile Kotlin Framework */ = {
			isa = PBXShellScriptBuildPhase;
			alwaysOutOfDate = 1;
			buildActionMask = 2147483647;
			files = (
			);
			inputFileListPaths = (
			);
			inputPaths = (
			);
			name = "Compile Kotlin Framework";
			outputFileListPaths = (
			);
			outputPaths = (
			);
			runOnlyForDeploymentPostprocessing = 0;
			shellPath = /bin/sh;
			shellScript = "if [ \"YES\" = \"$OVERRIDE_KOTLIN_BUILD_IDE_SUPPORTED\" ]; then\n  echo \"Skipping Gradle build task invocation due to OVERRIDE_KOTLIN_BUILD_IDE_SUPPORTED environment variable set to \\\"YES\\\"\"\n  exit 0\nfi\ncd \"$SRCROOT/..\"\n./gradlew :homebase-core:embedAndSignAppleFrameworkForXcode :homebase-notifshared:embedAndSignAppleFrameworkForXcode\n";
		};
		F08E00712F8CEA1F006FE86B /* Upload Crashlytics DSYM files */ = {
			isa = PBXShellScriptBuildPhase;
			buildActionMask = 2147483647;
			files = (
			);
			inputFileListPaths = (
			);
			inputPaths = (
				"${DWARF_DSYM_FOLDER_PATH}/${DWARF_DSYM_FILE_NAME}",
				"${DWARF_DSYM_FOLDER_PATH}/${DWARF_DSYM_FILE_NAME}/Contents/Resources/DWARF/${PRODUCT_NAME}",
				"${DWARF_DSYM_FOLDER_PATH}/${DWARF_DSYM_FILE_NAME}/Contents/Info.plist",
				"$(TARGET_BUILD_DIR)/$(UNLOCALIZED_RESOURCES_FOLDER_PATH)/GoogleService-Info.plist",
				"$(TARGET_BUILD_DIR)/$(EXECUTABLE_PATH)",
			);
			name = "Upload Crashlytics DSYM files";
			outputFileListPaths = (
			);
			outputPaths = (
			);
			runOnlyForDeploymentPostprocessing = 0;
			shellPath = /bin/sh;
			shellScript = "\"${BUILD_DIR%/Build/*}/SourcePackages/checkouts/firebase-ios-sdk/Crashlytics/run\"   \n";
		};
		F08EA0E32F7AA81F00B61D93 /* Copy GoogleServices-Info.plist */ = {
			isa = PBXShellScriptBuildPhase;
			buildActionMask = 2147483647;
			files = (
			);
			inputFileListPaths = (
			);
			inputPaths = (
			);
			name = "Copy GoogleServices-Info.plist";
			outputFileListPaths = (
			);
			outputPaths = (
			);
			runOnlyForDeploymentPostprocessing = 0;
			shellPath = /bin/sh;
			shellScript = "if [ \"${CONFIGURATION}\" = \"Debug\" ] || [ \"${CONFIGURATION}\" = \"Dev\" ]; then\n    plist=\"${PROJECT_DIR}/GoogleService-Info-Debug.plist\"\nelse\n    plist=\"${PROJECT_DIR}/GoogleService-Info-Release.plist\"\nfi\ncp \"${plist}\" \"${TARGET_BUILD_DIR}/${UNLOCALIZED_RESOURCES_FOLDER_PATH}/GoogleService-Info.plist\"\n";
		};
/* End PBXShellScriptBuildPhase section */

/* Begin PBXSourcesBuildPhase section */
		026F4088AB8C789A324660C7 /* Sources */ = {
			isa = PBXSourcesBuildPhase;
			buildActionMask = 2147483647;
			files = (
				DC82714879B26AB0D9534606 /* FFmpegPipelineTests.swift in Sources */,
			);
			runOnlyForDeploymentPostprocessing = 0;
		};
		43AB754F2F87A7C4001EF1D3 /* Sources */ = {
			isa = PBXSourcesBuildPhase;
			buildActionMask = 2147483647;
			files = (
			);
			runOnlyForDeploymentPostprocessing = 0;
		};
		43CFC1CD2F741EF200628241 /* Sources */ = {
			isa = PBXSourcesBuildPhase;
			buildActionMask = 2147483647;
			files = (
			);
			runOnlyForDeploymentPostprocessing = 0;
		};
		75264D1454C037FFA6F9EC79 /* Sources */ = {
			isa = PBXSourcesBuildPhase;
			buildActionMask = 2147483647;
			files = (
			);
			runOnlyForDeploymentPostprocessing = 0;
		};
/* End PBXSourcesBuildPhase section */

/* Begin PBXTargetDependency section */
		43AB75592F87A7C4001EF1D3 /* PBXTargetDependency */ = {
			isa = PBXTargetDependency;
			target = 43AB75522F87A7C4001EF1D3 /* NotificationServiceExtension */;
			targetProxy = 43AB75582F87A7C4001EF1D3 /* PBXContainerItemProxy */;
		};
		43CFC1DA2F741EF200628241 /* PBXTargetDependency */ = {
			isa = PBXTargetDependency;
			target = 43CFC1D02F741EF200628241 /* ShareExtension */;
			targetProxy = 43CFC1D92F741EF200628241 /* PBXContainerItemProxy */;
		};
		DAE7C6C248D295C574FFC09F /* PBXTargetDependency */ = {
			isa = PBXTargetDependency;
			name = iosApp;
			target = 1B3C06D1520D2521F661776E /* iosApp */;
			targetProxy = 275F89A7B6D9FDCDEE7EEFEF /* PBXContainerItemProxy */;
		};
/* End PBXTargetDependency section */

/* Begin XCBuildConfiguration section */
		43AB755B2F87A7C4001EF1D3 /* Debug */ = {
			isa = XCBuildConfiguration;
			buildSettings = {
				CODE_SIGN_ENTITLEMENTS = NotificationServiceExtension/NotificationServiceExtensionDebug.entitlements;
				CODE_SIGN_IDENTITY = "Apple Development";
				CODE_SIGN_STYLE = Automatic;
				CURRENT_PROJECT_VERSION = 1;
				DEVELOPMENT_TEAM = JNJ85M8JM6;
				ENABLE_USER_SCRIPT_SANDBOXING = YES;
				FRAMEWORK_SEARCH_PATHS = "\" $(SRCROOT)/../homebase-notifshared/build/xcode-frameworks/$(CONFIGURATION)/$(SDK_NAME)\"";
				GENERATE_INFOPLIST_FILE = YES;
				INFOPLIST_FILE = NotificationServiceExtension/Info.plist;
				INFOPLIST_KEY_CFBundleDisplayName = NotificationServiceExtension;
				INFOPLIST_KEY_NSHumanReadableCopyright = "";
				IPHONEOS_DEPLOYMENT_TARGET = 18.2;
				LD_RUNPATH_SEARCH_PATHS = (
					"$(inherited)",
					"@executable_path/Frameworks",
					"@executable_path/../../Frameworks",
				);
				MARKETING_VERSION = 1.0;
				OTHER_LDFLAGS = (
					"$(inherited)",
					"-lsqlite3",
					"-lz",
					"-lbz2",
					"-liconv",
				);
				PRODUCT_BUNDLE_IDENTIFIER = id.homebase.feed.dev.NotificationServiceExtension;
				PRODUCT_NAME = "$(TARGET_NAME)";
				SKIP_INSTALL = YES;
				STRING_CATALOG_GENERATE_SYMBOLS = YES;
				SWIFT_APPROACHABLE_CONCURRENCY = YES;
				SWIFT_EMIT_LOC_STRINGS = YES;
				SWIFT_UPCOMING_FEATURE_MEMBER_IMPORT_VISIBILITY = YES;
				SWIFT_VERSION = 5.0;
				TARGETED_DEVICE_FAMILY = "1,2";
			};
			name = Debug;
		};
		43AB755C2F87A7C4001EF1D3 /* Release */ = {
			isa = XCBuildConfiguration;
			buildSettings = {
				CODE_SIGN_ENTITLEMENTS = NotificationServiceExtension/NotificationServiceExtension.entitlements;
				CODE_SIGN_IDENTITY = "Apple Development";
				CODE_SIGN_STYLE = Automatic;
				CURRENT_PROJECT_VERSION = 1;
				DEVELOPMENT_TEAM = JNJ85M8JM6;
				ENABLE_USER_SCRIPT_SANDBOXING = YES;
				FRAMEWORK_SEARCH_PATHS = "\" $(SRCROOT)/../homebase-notifshared/build/xcode-frameworks/$(CONFIGURATION)/$(SDK_NAME)\"";
				GENERATE_INFOPLIST_FILE = YES;
				INFOPLIST_FILE = NotificationServiceExtension/Info.plist;
				INFOPLIST_KEY_CFBundleDisplayName = NotificationServiceExtension;
				INFOPLIST_KEY_NSHumanReadableCopyright = "";
				IPHONEOS_DEPLOYMENT_TARGET = 18.2;
				LD_RUNPATH_SEARCH_PATHS = (
					"$(inherited)",
					"@executable_path/Frameworks",
					"@executable_path/../../Frameworks",
				);
				MARKETING_VERSION = 1.0;
				OTHER_LDFLAGS = (
					"$(inherited)",
					"-lsqlite3",
					"-lz",
					"-lbz2",
					"-liconv",
				);
				PRODUCT_BUNDLE_IDENTIFIER = id.homebase.feed.NotificationServiceExtension;
				PRODUCT_NAME = "$(TARGET_NAME)";
				SKIP_INSTALL = YES;
				STRING_CATALOG_GENERATE_SYMBOLS = YES;
				SWIFT_APPROACHABLE_CONCURRENCY = YES;
				SWIFT_EMIT_LOC_STRINGS = YES;
				SWIFT_UPCOMING_FEATURE_MEMBER_IMPORT_VISIBILITY = YES;
				SWIFT_VERSION = 5.0;
				TARGETED_DEVICE_FAMILY = "1,2";
			};
			name = Release;
		};
		43AB755D2F87A7C4001EF1D3 /* Dev */ = {
			isa = XCBuildConfiguration;
			buildSettings = {
				CODE_SIGN_ENTITLEMENTS = NotificationServiceExtension/NotificationServiceExtensionDebug.entitlements;
				CODE_SIGN_IDENTITY = "Apple Development";
				CODE_SIGN_STYLE = Automatic;
				CURRENT_PROJECT_VERSION = 1;
				DEVELOPMENT_TEAM = JNJ85M8JM6;
				ENABLE_USER_SCRIPT_SANDBOXING = YES;
				FRAMEWORK_SEARCH_PATHS = "\" $(SRCROOT)/../homebase-notifshared/build/xcode-frameworks/$(CONFIGURATION)/$(SDK_NAME)\"";
				GENERATE_INFOPLIST_FILE = YES;
				INFOPLIST_FILE = NotificationServiceExtension/Info.plist;
				INFOPLIST_KEY_CFBundleDisplayName = NotificationServiceExtension;
				INFOPLIST_KEY_NSHumanReadableCopyright = "";
				IPHONEOS_DEPLOYMENT_TARGET = 18.2;
				LD_RUNPATH_SEARCH_PATHS = (
					"$(inherited)",
					"@executable_path/Frameworks",
					"@executable_path/../../Frameworks",
				);
				MARKETING_VERSION = 1.0;
				OTHER_LDFLAGS = (
					"$(inherited)",
					"-lsqlite3",
					"-lz",
					"-lbz2",
					"-liconv",
				);
				PRODUCT_BUNDLE_IDENTIFIER = id.homebase.feed.dev.NotificationServiceExtension;
				PRODUCT_NAME = "$(TARGET_NAME)";
				SKIP_INSTALL = YES;
				STRING_CATALOG_GENERATE_SYMBOLS = YES;
				SWIFT_APPROACHABLE_CONCURRENCY = YES;
				SWIFT_EMIT_LOC_STRINGS = YES;
				SWIFT_UPCOMING_FEATURE_MEMBER_IMPORT_VISIBILITY = YES;
				SWIFT_VERSION = 5.0;
				TARGETED_DEVICE_FAMILY = "1,2";
			};
			name = Dev;
		};
		43CFC1DD2F741EF200628241 /* Debug */ = {
			isa = XCBuildConfiguration;
			buildSettings = {
				APP_GROUP_IDENTIFIER = group.id.homebase.feed.dev;
				CODE_SIGN_ENTITLEMENTS = ShareExtension/ShareExtensionDebug.entitlements;
				CODE_SIGN_IDENTITY = "Apple Development";
				CODE_SIGN_STYLE = Automatic;
				CURRENT_PROJECT_VERSION = 1;
				DEVELOPMENT_TEAM = JNJ85M8JM6;
				ENABLE_USER_SCRIPT_SANDBOXING = YES;
				GENERATE_INFOPLIST_FILE = YES;
				INFOPLIST_FILE = ShareExtension/Info.plist;
				INFOPLIST_KEY_CFBundleDisplayName = ShareExtension;
				INFOPLIST_KEY_NSHumanReadableCopyright = "";
				IPHONEOS_DEPLOYMENT_TARGET = 18.2;
				LD_RUNPATH_SEARCH_PATHS = (
					"$(inherited)",
					"@executable_path/Frameworks",
					"@executable_path/../../Frameworks",
				);
				MARKETING_VERSION = 1.0;
				PRODUCT_BUNDLE_IDENTIFIER = id.homebase.feed.dev.HomebaseFeedShare;
				PRODUCT_NAME = "$(TARGET_NAME)";
				SKIP_INSTALL = YES;
				STRING_CATALOG_GENERATE_SYMBOLS = YES;
				SWIFT_APPROACHABLE_CONCURRENCY = YES;
				SWIFT_EMIT_LOC_STRINGS = YES;
				SWIFT_UPCOMING_FEATURE_MEMBER_IMPORT_VISIBILITY = YES;
				SWIFT_VERSION = 5.0;
				TARGETED_DEVICE_FAMILY = "1,2";
			};
			name = Debug;
		};
		43CFC1DE2F741EF200628241 /* Release */ = {
			isa = XCBuildConfiguration;
			buildSettings = {
				APP_GROUP_IDENTIFIER = group.id.homebase.feed;
				CODE_SIGN_ENTITLEMENTS = ShareExtension/ShareExtension.entitlements;
				CODE_SIGN_IDENTITY = "Apple Development";
				CODE_SIGN_STYLE = Automatic;
				CURRENT_PROJECT_VERSION = 1;
				DEVELOPMENT_TEAM = JNJ85M8JM6;
				ENABLE_USER_SCRIPT_SANDBOXING = YES;
				GENERATE_INFOPLIST_FILE = YES;
				INFOPLIST_FILE = ShareExtension/Info.plist;
				INFOPLIST_KEY_CFBundleDisplayName = ShareExtension;
				INFOPLIST_KEY_NSHumanReadableCopyright = "";
				IPHONEOS_DEPLOYMENT_TARGET = 18.2;
				LD_RUNPATH_SEARCH_PATHS = (
					"$(inherited)",
					"@executable_path/Frameworks",
					"@executable_path/../../Frameworks",
				);
				MARKETING_VERSION = 1.0;
				PRODUCT_BUNDLE_IDENTIFIER = id.homebase.feed.HomebaseFeedShare;
				PRODUCT_NAME = "$(TARGET_NAME)";
				SKIP_INSTALL = YES;
				STRING_CATALOG_GENERATE_SYMBOLS = YES;
				SWIFT_APPROACHABLE_CONCURRENCY = YES;
				SWIFT_EMIT_LOC_STRINGS = YES;
				SWIFT_UPCOMING_FEATURE_MEMBER_IMPORT_VISIBILITY = YES;
				SWIFT_VERSION = 5.0;
				TARGETED_DEVICE_FAMILY = "1,2";
			};
			name = Release;
		};
		8424E0E3F37F9313F59122E2 /* Release */ = {
			isa = XCBuildConfiguration;
			buildSettings = {
				BUNDLE_LOADER = "$(TEST_HOST)";
				CLANG_ENABLE_OBJC_WEAK = YES;
				CODE_SIGN_IDENTITY = "Apple Development";
				CODE_SIGN_STYLE = Automatic;
				DEVELOPMENT_TEAM = JNJ85M8JM6;
				ENABLE_USER_SCRIPT_SANDBOXING = YES;
				GENERATE_INFOPLIST_FILE = YES;
				IPHONEOS_DEPLOYMENT_TARGET = 18.2;
				PRODUCT_BUNDLE_IDENTIFIER = id.homebase.feed.tests;
				PRODUCT_NAME = "$(TARGET_NAME)";
				SDKROOT = iphoneos;
				SWIFT_EMIT_LOC_STRINGS = YES;
				SWIFT_VERSION = 5.0;
				TARGETED_DEVICE_FAMILY = "1,2";
				TEST_HOST = "$(BUILT_PRODUCTS_DIR)/Homebase.app/Homebase";
				VALIDATE_PRODUCT = YES;
			};
			name = Release;
		};
		8661E5F343FADF018D99776D /* Dev */ = {
			isa = XCBuildConfiguration;
			buildSettings = {
				BUNDLE_LOADER = "$(TEST_HOST)";
				CLANG_ENABLE_OBJC_WEAK = YES;
				CODE_SIGN_IDENTITY = "Apple Development";
				CODE_SIGN_STYLE = Automatic;
				DEVELOPMENT_TEAM = JNJ85M8JM6;
				ENABLE_USER_SCRIPT_SANDBOXING = YES;
				GENERATE_INFOPLIST_FILE = YES;
				IPHONEOS_DEPLOYMENT_TARGET = 18.2;
				PRODUCT_BUNDLE_IDENTIFIER = id.homebase.feed.dev.tests;
				PRODUCT_NAME = "$(TARGET_NAME)";
				SDKROOT = iphoneos;
				SWIFT_EMIT_LOC_STRINGS = YES;
				SWIFT_VERSION = 5.0;
				TARGETED_DEVICE_FAMILY = "1,2";
				TEST_HOST = "$(BUILT_PRODUCTS_DIR)/Homebase.app/Homebase";
				VALIDATE_PRODUCT = YES;
			};
			name = Dev;
		};
		96D6A996719FA87C66118036 /* Release */ = {
			isa = XCBuildConfiguration;
			buildSettings = {
				ASSETCATALOG_COMPILER_APPICON_NAME = AppIcon;
				ASSETCATALOG_COMPILER_GLOBAL_ACCENT_COLOR_NAME = AccentColor;
				CODE_SIGN_ENTITLEMENTS = iosApp/iosAppRelease.entitlements;
				CODE_SIGN_IDENTITY = "Apple Development";
				CODE_SIGN_STYLE = Automatic;
				DEVELOPMENT_ASSET_PATHS = "\"iosApp/Preview Content\"";
				DEVELOPMENT_TEAM = JNJ85M8JM6;
				ENABLE_PREVIEWS = YES;
				FFMPEG_LIBS_PATH = "$(SRCROOT)/../composeApp/libs/ffmpegkit-bundled.xcframework";
				GENERATE_INFOPLIST_FILE = YES;
				INFOPLIST_FILE = iosApp/Info.plist;
				INFOPLIST_KEY_ITSAppUsesNonExemptEncryption = NO;
				INFOPLIST_KEY_NSCameraUsageDescription = "We need access to your camera to attach picture to chat message";
				INFOPLIST_KEY_NSMicrophoneUsageDescription = "Allow access to your microphone to record a message and send it securely over chat.";
				INFOPLIST_KEY_NSPhotoLibraryAddUsageDescription = "Allow saving photos and videos from chat to your photo library";
				INFOPLIST_KEY_NSPhotoLibraryUsageDescription = "We need access to your photo library to attach image to chat message";
				INFOPLIST_KEY_UIApplicationSceneManifest_Generation = YES;
				INFOPLIST_KEY_UIApplicationSupportsIndirectInputEvents = YES;
				INFOPLIST_KEY_UILaunchScreen_Generation = YES;
				INFOPLIST_KEY_UISupportedInterfaceOrientations_iPad = "UIInterfaceOrientationPortrait UIInterfaceOrientationPortraitUpsideDown UIInterfaceOrientationLandscapeLeft UIInterfaceOrientationLandscapeRight";
				INFOPLIST_KEY_UISupportedInterfaceOrientations_iPhone = "UIInterfaceOrientationPortrait UIInterfaceOrientationLandscapeLeft UIInterfaceOrientationLandscapeRight";
				LD_RUNPATH_SEARCH_PATHS = (
					"$(inherited)",
					"@executable_path/Frameworks",
				);
				PRODUCT_BUNDLE_IDENTIFIER = id.homebase.feed;
				PRODUCT_NAME = Homebase;
				PROVISIONING_PROFILE_SPECIFIER = "";
				SWIFT_EMIT_LOC_STRINGS = YES;
				SWIFT_VERSION = 5.0;
				TARGETED_DEVICE_FAMILY = "1,2";
			};
			name = Release;
		};
		A49522CD4E5891027BBD24AE /* Release */ = {
			isa = XCBuildConfiguration;
			baseConfigurationReferenceAnchor = 77B4216A23B10141C86A920D /* Configuration */;
			baseConfigurationReferenceRelativePath = Config.xcconfig;
			buildSettings = {
				ALWAYS_SEARCH_USER_PATHS = NO;
				ASSETCATALOG_COMPILER_GENERATE_SWIFT_ASSET_SYMBOL_EXTENSIONS = YES;
				CLANG_ANALYZER_NONNULL = YES;
				CLANG_ANALYZER_NUMBER_OBJECT_CONVERSION = YES_AGGRESSIVE;
				CLANG_CXX_LANGUAGE_STANDARD = "gnu++20";
				CLANG_ENABLE_MODULES = YES;
				CLANG_ENABLE_OBJC_ARC = YES;
				CLANG_ENABLE_OBJC_WEAK = YES;
				CLANG_WARN_BLOCK_CAPTURE_AUTORELEASING = YES;
				CLANG_WARN_BOOL_CONVERSION = YES;
				CLANG_WARN_COMMA = YES;
				CLANG_WARN_CONSTANT_CONVERSION = YES;
				CLANG_WARN_DEPRECATED_OBJC_IMPLEMENTATIONS = YES;
				CLANG_WARN_DIRECT_OBJC_ISA_USAGE = YES_ERROR;
				CLANG_WARN_DOCUMENTATION_COMMENTS = YES;
				CLANG_WARN_EMPTY_BODY = YES;
				CLANG_WARN_ENUM_CONVERSION = YES;
				CLANG_WARN_INFINITE_RECURSION = YES;
				CLANG_WARN_INT_CONVERSION = YES;
				CLANG_WARN_NON_LITERAL_NULL_CONVERSION = YES;
				CLANG_WARN_OBJC_IMPLICIT_RETAIN_SELF = YES;
				CLANG_WARN_OBJC_LITERAL_CONVERSION = YES;
				CLANG_WARN_OBJC_ROOT_CLASS = YES_ERROR;
				CLANG_WARN_QUOTED_INCLUDE_IN_FRAMEWORK_HEADER = YES;
				CLANG_WARN_RANGE_LOOP_ANALYSIS = YES;
				CLANG_WARN_STRICT_PROTOTYPES = YES;
				CLANG_WARN_SUSPICIOUS_MOVE = YES;
				CLANG_WARN_UNGUARDED_AVAILABILITY = YES_AGGRESSIVE;
				CLANG_WARN_UNREACHABLE_CODE = YES;
				CLANG_WARN__DUPLICATE_METHOD_MATCH = YES;
				COPY_PHASE_STRIP = NO;
				DEBUG_INFORMATION_FORMAT = "dwarf-with-dsym";
				DEVELOPMENT_TEAM = 6XA84UWS5Q;
				ENABLE_NS_ASSERTIONS = NO;
				ENABLE_STRICT_OBJC_MSGSEND = YES;
				ENABLE_USER_SCRIPT_SANDBOXING = NO;
				GCC_C_LANGUAGE_STANDARD = gnu17;
				GCC_NO_COMMON_BLOCKS = YES;
				GCC_WARN_64_TO_32_BIT_CONVERSION = YES;
				GCC_WARN_ABOUT_RETURN_TYPE = YES_ERROR;
				GCC_WARN_UNDECLARED_SELECTOR = YES;
				GCC_WARN_UNINITIALIZED_AUTOS = YES_AGGRESSIVE;
				GCC_WARN_UNUSED_FUNCTION = YES;
				GCC_WARN_UNUSED_VARIABLE = YES;
				IPHONEOS_DEPLOYMENT_TARGET = 18.2;
				LOCALIZATION_PREFERS_STRING_CATALOGS = YES;
				MTL_ENABLE_DEBUG_INFO = NO;
				MTL_FAST_MATH = YES;
				PRODUCT_BUNDLE_IDENTIFIER = id.homebase.feed;
				PRODUCT_NAME = Homebase;
				SDKROOT = iphoneos;
				STRING_CATALOG_GENERATE_SYMBOLS = YES;
				SWIFT_COMPILATION_MODE = wholemodule;
				VALIDATE_PRODUCT = YES;
			};
			name = Release;
		};
		BA4D2ED2858C0F0D5D879E06 /* Debug */ = {
			isa = XCBuildConfiguration;
			buildSettings = {
				ASSETCATALOG_COMPILER_APPICON_NAME = AppIconDebug;
				ASSETCATALOG_COMPILER_GLOBAL_ACCENT_COLOR_NAME = AccentColor;
				CODE_SIGN_ENTITLEMENTS = iosApp/iosApp.entitlements;
				CODE_SIGN_IDENTITY = "Apple Development";
				CODE_SIGN_STYLE = Automatic;
				DEVELOPMENT_ASSET_PATHS = "\"iosApp/Preview Content\"";
				DEVELOPMENT_TEAM = JNJ85M8JM6;
				ENABLE_PREVIEWS = YES;
				FFMPEG_LIBS_PATH = "$(SRCROOT)/../composeApp/libs/ffmpegkit-bundled.xcframework";
				GENERATE_INFOPLIST_FILE = YES;
				INFOPLIST_FILE = iosApp/Info.plist;
				INFOPLIST_KEY_ITSAppUsesNonExemptEncryption = NO;
				INFOPLIST_KEY_NSCameraUsageDescription = "We need access to your camera to attach picture to chat message";
				INFOPLIST_KEY_NSMicrophoneUsageDescription = "Allow access to your microphone to record a message and send it securely over chat.";
				INFOPLIST_KEY_NSPhotoLibraryAddUsageDescription = "Allow saving photos and videos from chat to your photo library";
				INFOPLIST_KEY_NSPhotoLibraryUsageDescription = "We need access to your photo library to attach image to chat message";
				INFOPLIST_KEY_UIApplicationSceneManifest_Generation = YES;
				INFOPLIST_KEY_UIApplicationSupportsIndirectInputEvents = YES;
				INFOPLIST_KEY_UILaunchScreen_Generation = YES;
				INFOPLIST_KEY_UISupportedInterfaceOrientations_iPad = "UIInterfaceOrientationPortrait UIInterfaceOrientationPortraitUpsideDown UIInterfaceOrientationLandscapeLeft UIInterfaceOrientationLandscapeRight";
				INFOPLIST_KEY_UISupportedInterfaceOrientations_iPhone = "UIInterfaceOrientationPortrait UIInterfaceOrientationLandscapeLeft UIInterfaceOrientationLandscapeRight";
				LD_RUNPATH_SEARCH_PATHS = (
					"$(inherited)",
					"@executable_path/Frameworks",
				);
				PRODUCT_BUNDLE_IDENTIFIER = id.homebase.feed.dev;
				PRODUCT_NAME = Homebase;
				PROVISIONING_PROFILE_SPECIFIER = "";
				SWIFT_EMIT_LOC_STRINGS = YES;
				SWIFT_VERSION = 5.0;
				TARGETED_DEVICE_FAMILY = "1,2";
			};
			name = Debug;
		};
		D75041B173D769AD258743DB /* Debug */ = {
			isa = XCBuildConfiguration;
			buildSettings = {
				BUNDLE_LOADER = "$(TEST_HOST)";
				CLANG_ENABLE_OBJC_WEAK = YES;
				CODE_SIGN_IDENTITY = "Apple Development";
				CODE_SIGN_STYLE = Automatic;
				DEVELOPMENT_TEAM = JNJ85M8JM6;
				ENABLE_USER_SCRIPT_SANDBOXING = YES;
				GENERATE_INFOPLIST_FILE = YES;
				IPHONEOS_DEPLOYMENT_TARGET = 18.2;
				PRODUCT_BUNDLE_IDENTIFIER = id.homebase.feed.dev.tests;
				PRODUCT_NAME = "$(TARGET_NAME)";
				SDKROOT = iphoneos;
				SWIFT_EMIT_LOC_STRINGS = YES;
				SWIFT_VERSION = 5.0;
				TARGETED_DEVICE_FAMILY = "1,2";
				TEST_HOST = "$(BUILT_PRODUCTS_DIR)/Homebase.app/Homebase";
			};
			name = Debug;
		};
		E5891FC7F7CAA4EE0F6A66CF /* Debug */ = {
			isa = XCBuildConfiguration;
			baseConfigurationReferenceAnchor = 77B4216A23B10141C86A920D /* Configuration */;
			baseConfigurationReferenceRelativePath = Dev.xcconfig;
			buildSettings = {
				ALWAYS_SEARCH_USER_PATHS = NO;
				ASSETCATALOG_COMPILER_GENERATE_SWIFT_ASSET_SYMBOL_EXTENSIONS = YES;
				CLANG_ANALYZER_NONNULL = YES;
				CLANG_ANALYZER_NUMBER_OBJECT_CONVERSION = YES_AGGRESSIVE;
				CLANG_CXX_LANGUAGE_STANDARD = "gnu++20";
				CLANG_ENABLE_MODULES = YES;
				CLANG_ENABLE_OBJC_ARC = YES;
				CLANG_ENABLE_OBJC_WEAK = YES;
				CLANG_WARN_BLOCK_CAPTURE_AUTORELEASING = YES;
				CLANG_WARN_BOOL_CONVERSION = YES;
				CLANG_WARN_COMMA = YES;
				CLANG_WARN_CONSTANT_CONVERSION = YES;
				CLANG_WARN_DEPRECATED_OBJC_IMPLEMENTATIONS = YES;
				CLANG_WARN_DIRECT_OBJC_ISA_USAGE = YES_ERROR;
				CLANG_WARN_DOCUMENTATION_COMMENTS = YES;
				CLANG_WARN_EMPTY_BODY = YES;
				CLANG_WARN_ENUM_CONVERSION = YES;
				CLANG_WARN_INFINITE_RECURSION = YES;
				CLANG_WARN_INT_CONVERSION = YES;
				CLANG_WARN_NON_LITERAL_NULL_CONVERSION = YES;
				CLANG_WARN_OBJC_IMPLICIT_RETAIN_SELF = YES;
				CLANG_WARN_OBJC_LITERAL_CONVERSION = YES;
				CLANG_WARN_OBJC_ROOT_CLASS = YES_ERROR;
				CLANG_WARN_QUOTED_INCLUDE_IN_FRAMEWORK_HEADER = YES;
				CLANG_WARN_RANGE_LOOP_ANALYSIS = YES;
				CLANG_WARN_STRICT_PROTOTYPES = YES;
				CLANG_WARN_SUSPICIOUS_MOVE = YES;
				CLANG_WARN_UNGUARDED_AVAILABILITY = YES_AGGRESSIVE;
				CLANG_WARN_UNREACHABLE_CODE = YES;
				CLANG_WARN__DUPLICATE_METHOD_MATCH = YES;
				COPY_PHASE_STRIP = NO;
				DEBUG_INFORMATION_FORMAT = dwarf;
				DEVELOPMENT_TEAM = 6XA84UWS5Q;
				ENABLE_STRICT_OBJC_MSGSEND = YES;
				ENABLE_TESTABILITY = YES;
				ENABLE_USER_SCRIPT_SANDBOXING = NO;
				GCC_C_LANGUAGE_STANDARD = gnu17;
				GCC_DYNAMIC_NO_PIC = NO;
				GCC_NO_COMMON_BLOCKS = YES;
				GCC_OPTIMIZATION_LEVEL = 0;
				GCC_PREPROCESSOR_DEFINITIONS = (
					"DEBUG=1",
					"$(inherited)",
				);
				GCC_WARN_64_TO_32_BIT_CONVERSION = YES;
				GCC_WARN_ABOUT_RETURN_TYPE = YES_ERROR;
				GCC_WARN_UNDECLARED_SELECTOR = YES;
				GCC_WARN_UNINITIALIZED_AUTOS = YES_AGGRESSIVE;
				GCC_WARN_UNUSED_FUNCTION = YES;
				GCC_WARN_UNUSED_VARIABLE = YES;
				IPHONEOS_DEPLOYMENT_TARGET = 18.2;
				LOCALIZATION_PREFERS_STRING_CATALOGS = YES;
				MTL_ENABLE_DEBUG_INFO = INCLUDE_SOURCE;
				MTL_FAST_MATH = YES;
				ONLY_ACTIVE_ARCH = YES;
				PRODUCT_BUNDLE_IDENTIFIER = id.homebase.feed.dev;
				PRODUCT_NAME = Homebase;
				SDKROOT = iphoneos;
				STRING_CATALOG_GENERATE_SYMBOLS = YES;
				SWIFT_ACTIVE_COMPILATION_CONDITIONS = "DEBUG $(inherited)";
				SWIFT_OPTIMIZATION_LEVEL = "-Onone";
			};
			name = Debug;
		};
		F02D52362F867B61008C30F8 /* Dev */ = {
			isa = XCBuildConfiguration;
			baseConfigurationReferenceAnchor = 77B4216A23B10141C86A920D /* Configuration */;
			baseConfigurationReferenceRelativePath = Dev.xcconfig;
			buildSettings = {
				ALWAYS_SEARCH_USER_PATHS = NO;
				ASSETCATALOG_COMPILER_GENERATE_SWIFT_ASSET_SYMBOL_EXTENSIONS = YES;
				CLANG_ANALYZER_NONNULL = YES;
				CLANG_ANALYZER_NUMBER_OBJECT_CONVERSION = YES_AGGRESSIVE;
				CLANG_CXX_LANGUAGE_STANDARD = "gnu++20";
				CLANG_ENABLE_MODULES = YES;
				CLANG_ENABLE_OBJC_ARC = YES;
				CLANG_ENABLE_OBJC_WEAK = YES;
				CLANG_WARN_BLOCK_CAPTURE_AUTORELEASING = YES;
				CLANG_WARN_BOOL_CONVERSION = YES;
				CLANG_WARN_COMMA = YES;
				CLANG_WARN_CONSTANT_CONVERSION = YES;
				CLANG_WARN_DEPRECATED_OBJC_IMPLEMENTATIONS = YES;
				CLANG_WARN_DIRECT_OBJC_ISA_USAGE = YES_ERROR;
				CLANG_WARN_DOCUMENTATION_COMMENTS = YES;
				CLANG_WARN_EMPTY_BODY = YES;
				CLANG_WARN_ENUM_CONVERSION = YES;
				CLANG_WARN_INFINITE_RECURSION = YES;
				CLANG_WARN_INT_CONVERSION = YES;
				CLANG_WARN_NON_LITERAL_NULL_CONVERSION = YES;
				CLANG_WARN_OBJC_IMPLICIT_RETAIN_SELF = YES;
				CLANG_WARN_OBJC_LITERAL_CONVERSION = YES;
				CLANG_WARN_OBJC_ROOT_CLASS = YES_ERROR;
				CLANG_WARN_QUOTED_INCLUDE_IN_FRAMEWORK_HEADER = YES;
				CLANG_WARN_RANGE_LOOP_ANALYSIS = YES;
				CLANG_WARN_STRICT_PROTOTYPES = YES;
				CLANG_WARN_SUSPICIOUS_MOVE = YES;
				CLANG_WARN_UNGUARDED_AVAILABILITY = YES_AGGRESSIVE;
				CLANG_WARN_UNREACHABLE_CODE = YES;
				CLANG_WARN__DUPLICATE_METHOD_MATCH = YES;
				COPY_PHASE_STRIP = NO;
				DEBUG_INFORMATION_FORMAT = "dwarf-with-dsym";
				DEVELOPMENT_TEAM = 6XA84UWS5Q;
				ENABLE_NS_ASSERTIONS = NO;
				ENABLE_STRICT_OBJC_MSGSEND = YES;
				ENABLE_USER_SCRIPT_SANDBOXING = NO;
				GCC_C_LANGUAGE_STANDARD = gnu17;
				GCC_NO_COMMON_BLOCKS = YES;
				GCC_WARN_64_TO_32_BIT_CONVERSION = YES;
				GCC_WARN_ABOUT_RETURN_TYPE = YES_ERROR;
				GCC_WARN_UNDECLARED_SELECTOR = YES;
				GCC_WARN_UNINITIALIZED_AUTOS = YES_AGGRESSIVE;
				GCC_WARN_UNUSED_FUNCTION = YES;
				GCC_WARN_UNUSED_VARIABLE = YES;
				IPHONEOS_DEPLOYMENT_TARGET = 18.2;
				LOCALIZATION_PREFERS_STRING_CATALOGS = YES;
				MTL_ENABLE_DEBUG_INFO = NO;
				MTL_FAST_MATH = YES;
				PRODUCT_NAME = Homebase;
				SDKROOT = iphoneos;
				STRING_CATALOG_GENERATE_SYMBOLS = YES;
				SWIFT_COMPILATION_MODE = wholemodule;
				VALIDATE_PRODUCT = YES;
			};
			name = Dev;
		};
		F02D52372F867B61008C30F8 /* Dev */ = {
			isa = XCBuildConfiguration;
			baseConfigurationReferenceAnchor = 77B4216A23B10141C86A920D /* Configuration */;
			baseConfigurationReferenceRelativePath = Dev.xcconfig;
			buildSettings = {
				ASSETCATALOG_COMPILER_APPICON_NAME = AppIconDev;
				ASSETCATALOG_COMPILER_GLOBAL_ACCENT_COLOR_NAME = AccentColor;
				CODE_SIGN_ENTITLEMENTS = iosApp/iosApp.entitlements;
				CODE_SIGN_IDENTITY = "Apple Development";
				CODE_SIGN_STYLE = Automatic;
				DEVELOPMENT_ASSET_PATHS = "\"iosApp/Preview Content\"";
				DEVELOPMENT_TEAM = JNJ85M8JM6;
				ENABLE_PREVIEWS = YES;
				FFMPEG_LIBS_PATH = "$(SRCROOT)/../composeApp/libs/ffmpegkit-bundled.xcframework";
				GENERATE_INFOPLIST_FILE = YES;
				INFOPLIST_FILE = iosApp/Info.plist;
				INFOPLIST_KEY_ITSAppUsesNonExemptEncryption = NO;
				INFOPLIST_KEY_NSCameraUsageDescription = "We need access to your camera to attach picture to chat message";
				INFOPLIST_KEY_NSMicrophoneUsageDescription = "Allow access to your microphone to record a message and send it securely over chat.";
				INFOPLIST_KEY_NSPhotoLibraryAddUsageDescription = "Allow saving photos and videos from chat to your photo library";
				INFOPLIST_KEY_NSPhotoLibraryUsageDescription = "We need access to your photo library to attach image to chat message";
				INFOPLIST_KEY_UIApplicationSceneManifest_Generation = YES;
				INFOPLIST_KEY_UIApplicationSupportsIndirectInputEvents = YES;
				INFOPLIST_KEY_UILaunchScreen_Generation = YES;
				INFOPLIST_KEY_UISupportedInterfaceOrientations_iPad = "UIInterfaceOrientationPortrait UIInterfaceOrientationPortraitUpsideDown UIInterfaceOrientationLandscapeLeft UIInterfaceOrientationLandscapeRight";
				INFOPLIST_KEY_UISupportedInterfaceOrientations_iPhone = "UIInterfaceOrientationPortrait UIInterfaceOrientationLandscapeLeft UIInterfaceOrientationLandscapeRight";
				LD_RUNPATH_SEARCH_PATHS = (
					"$(inherited)",
					"@executable_path/Frameworks",
				);
				PRODUCT_BUNDLE_IDENTIFIER = id.homebase.feed.dev;
				PRODUCT_NAME = Homebase;
				PROVISIONING_PROFILE_SPECIFIER = "";
				SWIFT_EMIT_LOC_STRINGS = YES;
				SWIFT_VERSION = 5.0;
				TARGETED_DEVICE_FAMILY = "1,2";
			};
			name = Dev;
		};
		F02D52382F867B61008C30F8 /* Dev */ = {
			isa = XCBuildConfiguration;
			baseConfigurationReferenceAnchor = 77B4216A23B10141C86A920D /* Configuration */;
			baseConfigurationReferenceRelativePath = Dev.xcconfig;
			buildSettings = {
				CODE_SIGN_ENTITLEMENTS = ShareExtension/ShareExtensionDev.entitlements;
				CODE_SIGN_IDENTITY = "Apple Development";
				CODE_SIGN_STYLE = Automatic;
				CURRENT_PROJECT_VERSION = 1;
				DEVELOPMENT_TEAM = JNJ85M8JM6;
				ENABLE_USER_SCRIPT_SANDBOXING = YES;
				GENERATE_INFOPLIST_FILE = YES;
				INFOPLIST_FILE = ShareExtension/Info.plist;
				INFOPLIST_KEY_CFBundleDisplayName = ShareExtension;
				INFOPLIST_KEY_NSHumanReadableCopyright = "";
				IPHONEOS_DEPLOYMENT_TARGET = 18.2;
				LD_RUNPATH_SEARCH_PATHS = (
					"$(inherited)",
					"@executable_path/Frameworks",
					"@executable_path/../../Frameworks",
				);
				MARKETING_VERSION = 1.0;
				PRODUCT_BUNDLE_IDENTIFIER = id.homebase.feed.dev.HomebaseFeedShare;
				PRODUCT_NAME = "$(TARGET_NAME)";
				SKIP_INSTALL = YES;
				STRING_CATALOG_GENERATE_SYMBOLS = YES;
				SWIFT_APPROACHABLE_CONCURRENCY = YES;
				SWIFT_EMIT_LOC_STRINGS = YES;
				SWIFT_UPCOMING_FEATURE_MEMBER_IMPORT_VISIBILITY = YES;
				SWIFT_VERSION = 5.0;
				TARGETED_DEVICE_FAMILY = "1,2";
			};
			name = Dev;
		};
/* End XCBuildConfiguration section */

/* Begin XCConfigurationList section */
		43AB755E2F87A7C4001EF1D3 /* Build configuration list for PBXNativeTarget "NotificationServiceExtension" */ = {
			isa = XCConfigurationList;
			buildConfigurations = (
				43AB755B2F87A7C4001EF1D3 /* Debug */,
				43AB755C2F87A7C4001EF1D3 /* Release */,
				43AB755D2F87A7C4001EF1D3 /* Dev */,
			);
			defaultConfigurationIsVisible = 0;
			defaultConfigurationName = Release;
		};
		43CFC1DF2F741EF200628241 /* Build configuration list for PBXNativeTarget "ShareExtension" */ = {
			isa = XCConfigurationList;
			buildConfigurations = (
				43CFC1DD2F741EF200628241 /* Debug */,
				43CFC1DE2F741EF200628241 /* Release */,
				F02D52382F867B61008C30F8 /* Dev */,
			);
			defaultConfigurationIsVisible = 0;
			defaultConfigurationName = Release;
		};
		56F739763075564E6C385392 /* Build configuration list for PBXNativeTarget "iosAppTests" */ = {
			isa = XCConfigurationList;
			buildConfigurations = (
				8424E0E3F37F9313F59122E2 /* Release */,
				D75041B173D769AD258743DB /* Debug */,
				8661E5F343FADF018D99776D /* Dev */,
			);
			defaultConfigurationIsVisible = 0;
			defaultConfigurationName = Release;
		};
		6823773BE8887FEA23A8195E /* Build configuration list for PBXNativeTarget "iosApp" */ = {
			isa = XCConfigurationList;
			buildConfigurations = (
				BA4D2ED2858C0F0D5D879E06 /* Debug */,
				96D6A996719FA87C66118036 /* Release */,
				F02D52372F867B61008C30F8 /* Dev */,
			);
			defaultConfigurationIsVisible = 0;
			defaultConfigurationName = Release;
		};
		FF0636BBA8CDD4A27F575AFA /* Build configuration list for PBXProject "iosApp" */ = {
			isa = XCConfigurationList;
			buildConfigurations = (
				E5891FC7F7CAA4EE0F6A66CF /* Debug */,
				A49522CD4E5891027BBD24AE /* Release */,
				F02D52362F867B61008C30F8 /* Dev */,
			);
			defaultConfigurationIsVisible = 0;
			defaultConfigurationName = Release;
		};
/* End XCConfigurationList section */

/* Begin XCRemoteSwiftPackageReference section */
		4332A0A52F3B761C00F895B5 /* XCRemoteSwiftPackageReference "firebase-ios-sdk" */ = {
			isa = XCRemoteSwiftPackageReference;
			repositoryURL = "https://github.com/firebase/firebase-ios-sdk";
			requirement = {
				kind = upToNextMajorVersion;
				minimumVersion = 12.9.0;
			};
		};
/* End XCRemoteSwiftPackageReference section */

/* Begin XCSwiftPackageProductDependency section */
		4332A0A62F3B761C00F895B5 /* FirebaseCore */ = {
			isa = XCSwiftPackageProductDependency;
			package = 4332A0A52F3B761C00F895B5 /* XCRemoteSwiftPackageReference "firebase-ios-sdk" */;
			productName = FirebaseCore;
		};
		4332A0A82F3B761C00F895B5 /* FirebaseMessaging */ = {
			isa = XCSwiftPackageProductDependency;
			package = 4332A0A52F3B761C00F895B5 /* XCRemoteSwiftPackageReference "firebase-ios-sdk" */;
			productName = FirebaseMessaging;
		};
		4332A0AA2F3B761C00F895B5 /* FirebaseCrashlytics */ = {
			isa = XCSwiftPackageProductDependency;
			package = 4332A0A52F3B761C00F895B5 /* XCRemoteSwiftPackageReference "firebase-ios-sdk" */;
			productName = FirebaseCrashlytics;
		};
/* End XCSwiftPackageProductDependency section */
	};
	rootObject = 4E281890246EA5507039EAC8 /* Project object */;
}
